
Microsoft Visual Studio Solution File, Format Version 12.00
# Visual Studio Version 16
VisualStudioVersion = 16.0.32630.194
MinimumVisualStudioVersion = 10.0.40219.1
Project("{9A19103F-16F7-4668-BE54-9A1E7A4F7556}") = "MCC69_AppNew", "MCC69_AppNew\MCC69_AppNew.csproj", "{8ED766CC-EE15-4590-907B-7848983D76AC}"
EndProject
Project("{9A19103F-16F7-4668-BE54-9A1E7A4F7556}") = "API", "API\API.csproj", "{52C8D38F-5AA9-4192-B4E6-828FD0BE3B0C}"
EndProject
Project("{FAE04EC0-301F-11D3-BF4B-00C04F79EFBC}") = "CLIENT", "CLIENT\CLIENT.csproj", "{7150170A-E052-46D6-B427-2766162A635C}"
EndProject
Global
	GlobalSection(SolutionConfigurationPlatforms) = preSolution
		Debug|Any CPU = Debug|Any CPU
		Release|Any CPU = Release|Any CPU
	EndGlobalSection
	GlobalSection(ProjectConfigurationPlatforms) = postSolution
		{8ED766CC-EE15-4590-907B-7848983D76AC}.Debug|Any CPU.ActiveCfg = Debug|Any CPU
		{8ED766CC-EE15-4590-907B-7848983D76AC}.Debug|Any CPU.Build.0 = Debug|Any CPU
		{8ED766CC-EE15-4590-907B-7848983D76AC}.Release|Any CPU.ActiveCfg = Release|Any CPU
		{8ED766CC-EE15-4590-907B-7848983D76AC}.Release|Any CPU.Build.0 = Release|Any CPU
		{52C8D38F-5AA9-4192-B4E6-828FD0BE3B0C}.Debug|Any CPU.ActiveCfg = Debug|Any CPU
		{52C8D38F-5AA9-4192-B4E6-828FD0BE3B0C}.Debug|Any CPU.Build.0 = Debug|Any CPU
		{52C8D38F-5AA9-4192-B4E6-828FD0BE3B0C}.Release|Any CPU.ActiveCfg = Release|Any CPU
		{52C8D38F-5AA9-4192-B4E6-828FD0BE3B0C}.Release|Any CPU.Build.0 = Release|Any CPU
		{7150170A-E052-46D6-B427-2766162A635C}.Debug|Any CPU.ActiveCfg = Debug|Any CPU
		{7150170A-E052-46D6-B427-2766162A635C}.Debug|Any CPU.Build.0 = Debug|Any CPU
		{7150170A-E052-46D6-B427-2766162A635C}.Release|Any CPU.ActiveCfg = Release|Any CPU
		{7150170A-E052-46D6-B427-2766162A635C}.Release|Any CPU.Build.0 = Release|Any CPU
	EndGlobalSection
	GlobalSection(SolutionProperties) = preSolution
		HideSolutionNode = FALSE
	EndGlobalSection
	GlobalSection(ExtensibilityGlobals) = postSolution
		SolutionGuid = {D02774A8-3321-4049-8D40-09EF8ED939B3}
	EndGlobalSection
EndGlobal
